
Microsoft Visual Studio Solution File, Format Version 12.00
# Visual Studio Version 17
VisualStudioVersion = 17.14.36327.8
MinimumVisualStudioVersion = 10.0.40219.1
Project("{FAE04EC0-301F-11D3-BF4B-00C04F79EFBC}") = "Hexmaster.DesignGuidelines.Core", "Hexmaster.DesignGuidelines.Core\Hexmaster.DesignGuidelines.Core.csproj", "{7F9E5C9A-5A0C-4E16-9F6F-AAA111111111}"
EndProject
Project("{FAE04EC0-301F-11D3-BF4B-00C04F79EFBC}") = "Hexmaster.DesignGuidelines.Server", "Hexmaster.DesignGuidelines.Server\Hexmaster.DesignGuidelines.Server.csproj", "{7F9E5C9A-5A0C-4E16-9F6F-AAA222222222}"
EndProject
Project("{FAE04EC0-301F-11D3-BF4B-00C04F79EFBC}") = "Hexmaster.DesignGuidelines.Tests", "Hexmaster.DesignGuidelines.Tests\Hexmaster.DesignGuidelines.Tests.csproj", "{7F9E5C9A-5A0C-4E16-9F6F-AAA333333333}"
EndProject
Global
	GlobalSection(SolutionConfigurationPlatforms) = preSolution
		Debug|Any CPU = Debug|Any CPU
		Release|Any CPU = Release|Any CPU
	EndGlobalSection
	GlobalSection(ProjectConfigurationPlatforms) = postSolution
		{7F9E5C9A-5A0C-4E16-9F6F-AAA111111111}.Debug|Any CPU.ActiveCfg = Debug|Any CPU
		{7F9E5C9A-5A0C-4E16-9F6F-AAA111111111}.Debug|Any CPU.Build.0 = Debug|Any CPU
		{7F9E5C9A-5A0C-4E16-9F6F-AAA111111111}.Release|Any CPU.ActiveCfg = Release|Any CPU
		{7F9E5C9A-5A0C-4E16-9F6F-AAA111111111}.Release|Any CPU.Build.0 = Release|Any CPU
		{7F9E5C9A-5A0C-4E16-9F6F-AAA222222222}.Debug|Any CPU.ActiveCfg = Debug|Any CPU
		{7F9E5C9A-5A0C-4E16-9F6F-AAA222222222}.Debug|Any CPU.Build.0 = Debug|Any CPU
		{7F9E5C9A-5A0C-4E16-9F6F-AAA222222222}.Release|Any CPU.ActiveCfg = Release|Any CPU
		{7F9E5C9A-5A0C-4E16-9F6F-AAA222222222}.Release|Any CPU.Build.0 = Release|Any CPU
		{7F9E5C9A-5A0C-4E16-9F6F-AAA333333333}.Debug|Any CPU.ActiveCfg = Debug|Any CPU
		{7F9E5C9A-5A0C-4E16-9F6F-AAA333333333}.Debug|Any CPU.Build.0 = Debug|Any CPU
		{7F9E5C9A-5A0C-4E16-9F6F-AAA333333333}.Release|Any CPU.ActiveCfg = Release|Any CPU
		{7F9E5C9A-5A0C-4E16-9F6F-AAA333333333}.Release|Any CPU.Build.0 = Release|Any CPU
	EndGlobalSection
	GlobalSection(SolutionProperties) = preSolution
		HideSolutionNode = FALSE
	EndGlobalSection
	GlobalSection(ExtensibilityGlobals) = postSolution
		SolutionGuid = {0E8B39DF-4768-4F7A-88E5-447EE100829A}
	EndGlobalSection
EndGlobal
